
Microsoft Visual Studio Solution File, Format Version 12.00
# Visual Studio Version 16
VisualStudioVersion = 16.0.29905.134
MinimumVisualStudioVersion = 10.0.40219.1
Project("{FAE04EC0-301F-11D3-BF4B-00C04F79EFBC}") = "ProductShopLibrary", "ProductShopLibrary\ProductShopLibrary.csproj", "{E0560F5B-0573-474B-BA36-0F191D265AF1}"
EndProject
Project("{FAE04EC0-301F-11D3-BF4B-00C04F79EFBC}") = "ProductShopHost", "ProductShopHost\ProductShopHost.csproj", "{7B5469D9-ACC0-4EA0-9385-6C2C1510B96A}"
EndProject
Project("{FAE04EC0-301F-11D3-BF4B-00C04F79EFBC}") = "ProductShopClient", "ProductShopClient\ProductShopClient.csproj", "{21EE64E6-04FD-45D7-8CB7-1B0D867E8623}"
EndProject
Global
	GlobalSection(SolutionConfigurationPlatforms) = preSolution
		Debug|Any CPU = Debug|Any CPU
		Release|Any CPU = Release|Any CPU
	EndGlobalSection
	GlobalSection(ProjectConfigurationPlatforms) = postSolution
		{E0560F5B-0573-474B-BA36-0F191D265AF1}.Debug|Any CPU.ActiveCfg = Debug|Any CPU
		{E0560F5B-0573-474B-BA36-0F191D265AF1}.Debug|Any CPU.Build.0 = Debug|Any CPU
		{E0560F5B-0573-474B-BA36-0F191D265AF1}.Release|Any CPU.ActiveCfg = Release|Any CPU
		{E0560F5B-0573-474B-BA36-0F191D265AF1}.Release|Any CPU.Build.0 = Release|Any CPU
		{7B5469D9-ACC0-4EA0-9385-6C2C1510B96A}.Debug|Any CPU.ActiveCfg = Debug|Any CPU
		{7B5469D9-ACC0-4EA0-9385-6C2C1510B96A}.Debug|Any CPU.Build.0 = Debug|Any CPU
		{7B5469D9-ACC0-4EA0-9385-6C2C1510B96A}.Release|Any CPU.ActiveCfg = Release|Any CPU
		{7B5469D9-ACC0-4EA0-9385-6C2C1510B96A}.Release|Any CPU.Build.0 = Release|Any CPU
		{21EE64E6-04FD-45D7-8CB7-1B0D867E8623}.Debug|Any CPU.ActiveCfg = Debug|Any CPU
		{21EE64E6-04FD-45D7-8CB7-1B0D867E8623}.Debug|Any CPU.Build.0 = Debug|Any CPU
		{21EE64E6-04FD-45D7-8CB7-1B0D867E8623}.Release|Any CPU.ActiveCfg = Release|Any CPU
		{21EE64E6-04FD-45D7-8CB7-1B0D867E8623}.Release|Any CPU.Build.0 = Release|Any CPU
	EndGlobalSection
	GlobalSection(SolutionProperties) = preSolution
		HideSolutionNode = FALSE
	EndGlobalSection
	GlobalSection(ExtensibilityGlobals) = postSolution
		SolutionGuid = {936E0FC1-4D2C-49B3-AC62-33288BEB0333}
	EndGlobalSection
EndGlobal
